
Microsoft Visual Studio Solution File, Format Version 12.00
# Visual Studio Version 17
VisualStudioVersion = 17.2.32505.173
MinimumVisualStudioVersion = 10.0.40219.1
Project("{FAE04EC0-301F-11D3-BF4B-00C04F79EFBC}") = "MovieFlix", "MovieFlix\MovieFlix.csproj", "{CDBFC72B-40CF-4C5D-BA27-C0D2117083AD}"
EndProject
Global
	GlobalSection(SolutionConfigurationPlatforms) = preSolution
		Debug|Any CPU = Debug|Any CPU
		Release|Any CPU = Release|Any CPU
	EndGlobalSection
	GlobalSection(ProjectConfigurationPlatforms) = postSolution
		{CDBFC72B-40CF-4C5D-BA27-C0D2117083AD}.Debug|Any CPU.ActiveCfg = Debug|Any CPU
		{CDBFC72B-40CF-4C5D-BA27-C0D2117083AD}.Debug|Any CPU.Build.0 = Debug|Any CPU
		{CDBFC72B-40CF-4C5D-BA27-C0D2117083AD}.Release|Any CPU.ActiveCfg = Release|Any CPU
		{CDBFC72B-40CF-4C5D-BA27-C0D2117083AD}.Release|Any CPU.Build.0 = Release|Any CPU
	EndGlobalSection
	GlobalSection(SolutionProperties) = preSolution
		HideSolutionNode = FALSE
	EndGlobalSection
	GlobalSection(ExtensibilityGlobals) = postSolution
		SolutionGuid = {53C9EE61-76B0-4E63-9E6C-C7D70EBFED54}
	EndGlobalSection
EndGlobal
